
Microsoft Visual Studio Solution File, Format Version 12.00
# Visual Studio Version 17
VisualStudioVersion = 17.8.34511.84
MinimumVisualStudioVersion = 10.0.40219.1
Project("{9A19103F-16F7-4668-BE54-9A1E7A4F7556}") = "GestionBiblioteca.Server", "GestionBiblioteca.Server\GestionBiblioteca.Server.csproj", "{452B4295-8CA1-4F63-A54F-AD7F73F235E9}"
EndProject
Project("{9A19103F-16F7-4668-BE54-9A1E7A4F7556}") = "GestionBiblioteca.Shared", "GestionBiblioteca.Shared\GestionBiblioteca.Shared.csproj", "{FC7D3CBF-1B7E-4947-9591-E39D215F5CEA}"
EndProject
Project("{9A19103F-16F7-4668-BE54-9A1E7A4F7556}") = "GestionBiblioteca.Client", "GestionBiblioteca.Client\GestionBiblioteca.Client.csproj", "{9752D63E-3BE6-4191-B277-E39C76B276F9}"
EndProject
Global
	GlobalSection(SolutionConfigurationPlatforms) = preSolution
		Debug|Any CPU = Debug|Any CPU
		Release|Any CPU = Release|Any CPU
	EndGlobalSection
	GlobalSection(ProjectConfigurationPlatforms) = postSolution
		{452B4295-8CA1-4F63-A54F-AD7F73F235E9}.Debug|Any CPU.ActiveCfg = Debug|Any CPU
		{452B4295-8CA1-4F63-A54F-AD7F73F235E9}.Debug|Any CPU.Build.0 = Debug|Any CPU
		{452B4295-8CA1-4F63-A54F-AD7F73F235E9}.Release|Any CPU.ActiveCfg = Release|Any CPU
		{452B4295-8CA1-4F63-A54F-AD7F73F235E9}.Release|Any CPU.Build.0 = Release|Any CPU
		{FC7D3CBF-1B7E-4947-9591-E39D215F5CEA}.Debug|Any CPU.ActiveCfg = Debug|Any CPU
		{FC7D3CBF-1B7E-4947-9591-E39D215F5CEA}.Debug|Any CPU.Build.0 = Debug|Any CPU
		{FC7D3CBF-1B7E-4947-9591-E39D215F5CEA}.Release|Any CPU.ActiveCfg = Release|Any CPU
		{FC7D3CBF-1B7E-4947-9591-E39D215F5CEA}.Release|Any CPU.Build.0 = Release|Any CPU
		{9752D63E-3BE6-4191-B277-E39C76B276F9}.Debug|Any CPU.ActiveCfg = Debug|Any CPU
		{9752D63E-3BE6-4191-B277-E39C76B276F9}.Debug|Any CPU.Build.0 = Debug|Any CPU
		{9752D63E-3BE6-4191-B277-E39C76B276F9}.Release|Any CPU.ActiveCfg = Release|Any CPU
		{9752D63E-3BE6-4191-B277-E39C76B276F9}.Release|Any CPU.Build.0 = Release|Any CPU
	EndGlobalSection
	GlobalSection(SolutionProperties) = preSolution
		HideSolutionNode = FALSE
	EndGlobalSection
	GlobalSection(ExtensibilityGlobals) = postSolution
		SolutionGuid = {D7ED294A-CD2B-4F54-84BA-1501FCD09535}
	EndGlobalSection
EndGlobal
